
Microsoft Visual Studio Solution File, Format Version 12.00
# Visual Studio Version 16
VisualStudioVersion = 16.0.30804.86
MinimumVisualStudioVersion = 10.0.40219.1
Project("{F184B08F-C81C-45F6-A57F-5ABD9991F28F}") = "04cadenacaracteres", "04cadenacaracteres\04cadenacaracteres.vbproj", "{7B3A6F0C-D3D7-46C7-84E4-4E15EB28752D}"
EndProject
Global
	GlobalSection(SolutionConfigurationPlatforms) = preSolution
		Debug|Any CPU = Debug|Any CPU
		Release|Any CPU = Release|Any CPU
	EndGlobalSection
	GlobalSection(ProjectConfigurationPlatforms) = postSolution
		{7B3A6F0C-D3D7-46C7-84E4-4E15EB28752D}.Debug|Any CPU.ActiveCfg = Debug|Any CPU
		{7B3A6F0C-D3D7-46C7-84E4-4E15EB28752D}.Debug|Any CPU.Build.0 = Debug|Any CPU
		{7B3A6F0C-D3D7-46C7-84E4-4E15EB28752D}.Release|Any CPU.ActiveCfg = Release|Any CPU
		{7B3A6F0C-D3D7-46C7-84E4-4E15EB28752D}.Release|Any CPU.Build.0 = Release|Any CPU
	EndGlobalSection
	GlobalSection(SolutionProperties) = preSolution
		HideSolutionNode = FALSE
	EndGlobalSection
	GlobalSection(ExtensibilityGlobals) = postSolution
		SolutionGuid = {ACAA1F48-0AA0-4594-9D1A-45AED4223B0F}
	EndGlobalSection
EndGlobal
